// !$*UTF8*$!
{
	archiveVersion = 1;
	classes = {
	};
	objectVersion = 46;
	objects = {

/* Begin PBXBuildFile section */
		621CF2061EB31A44004CC925 /* AppDelegate.swift in Sources */ = {isa = PBXBuildFile; fileRef = 621CF2051EB31A44004CC925 /* AppDelegate.swift */; };
		621CF2081EB31A45004CC925 /* ViewController.swift in Sources */ = {isa = PBXBuildFile; fileRef = 621CF2071EB31A44004CC925 /* ViewController.swift */; };
		621CF20B1EB31A45004CC925 /* Main.storyboard in Resources */ = {isa = PBXBuildFile; fileRef = 621CF2091EB31A45004CC925 /* Main.storyboard */; };
		621CF20D1EB31A45004CC925 /* Assets.xcassets in Resources */ = {isa = PBXBuildFile; fileRef = 621CF20C1EB31A45004CC925 /* Assets.xcassets */; };
		621CF2101EB31A45004CC925 /* LaunchScreen.storyboard in Resources */ = {isa = PBXBuildFile; fileRef = 621CF20E1EB31A45004CC925 /* LaunchScreen.storyboard */; };
		621CF21B1EB31A45004CC925 /* wkWebViewTests.swift in Sources */ = {isa = PBXBuildFile; fileRef = 621CF21A1EB31A45004CC925 /* wkWebViewTests.swift */; };
		621CF2261EB31A45004CC925 /* wkWebViewUITests.swift in Sources */ = {isa = PBXBuildFile; fileRef = 621CF2251EB31A45004CC925 /* wkWebViewUITests.swift */; };
/* End PBXBuildFile section */

/* Begin PBXContainerItemProxy section */
		621CF2171EB31A45004CC925 /* PBXContainerItemProxy */ = {
			isa = PBXContainerItemProxy;
			containerPortal = 621CF1FA1EB31A44004CC925 /* Project object */;
			proxyType = 1;
			remoteGlobalIDString = 621CF2011EB31A44004CC925;
			remoteInfo = wkWebView;
		};
		621CF2221EB31A45004CC925 /* PBXContainerItemProxy */ = {
			isa = PBXContainerItemProxy;
			containerPortal = 621CF1FA1EB31A44004CC925 /* Project object */;
			proxyType = 1;
			remoteGlobalIDString = 621CF2011EB31A44004CC925;
			remoteInfo = wkWebView;
		};
/* End PBXContainerItemProxy section */

/* Begin PBXFileReference section */
		621CF2021EB31A44004CC925 /* wkWebView.app */ = {isa = PBXFileReference; explicitFileType = wrapper.application; includeInIndex = 0; path = wkWebView.app; sourceTree = BUILT_PRODUCTS_DIR; };
		621CF2051EB31A44004CC925 /* AppDelegate.swift */ = {isa = PBXFileReference; lastKnownFileType = sourcecode.swift; path = AppDelegate.swift; sourceTree = "<group>"; };
		621CF2071EB31A44004CC925 /* ViewController.swift */ = {isa = PBXFileReference; lastKnownFileType = sourcecode.swift; path = ViewController.swift; sourceTree = "<group>"; };
		621CF20A1EB31A45004CC925 /* Base */ = {isa = PBXFileReference; lastKnownFileType = file.storyboard; name = Base; path = Base.lproj/Main.storyboard; sourceTree = "<group>"; };
		621CF20C1EB31A45004CC925 /* Assets.xcassets */ = {isa = PBXFileReference; lastKnownFileType = folder.assetcatalog; path = Assets.xcassets; sourceTree = "<group>"; };
		621CF20F1EB31A45004CC925 /* Base */ = {isa = PBXFileReference; lastKnownFileType = file.storyboard; name = Base; path = Base.lproj/LaunchScreen.storyboard; sourceTree = "<group>"; };
		621CF2111EB31A45004CC925 /* Info.plist */ = {isa = PBXFileReference; lastKnownFileType = text.plist.xml; path = Info.plist; sourceTree = "<group>"; };
		621CF2161EB31A45004CC925 /* wkWebViewTests.xctest */ = {isa = PBXFileReference; explicitFileType = wrapper.cfbundle; includeInIndex = 0; path = wkWebViewTests.xctest; sourceTree = BUILT_PRODUCTS_DIR; };
		621CF21A1EB31A45004CC925 /* wkWebViewTests.swift */ = {isa = PBXFileReference; lastKnownFileType = sourcecode.swift; path = wkWebViewTests.swift; sourceTree = "<group>"; };
		621CF21C1EB31A45004CC925 /* Info.plist */ = {isa = PBXFileReference; lastKnownFileType = text.plist.xml; path = Info.plist; sourceTree = "<group>"; };
		621CF2211EB31A45004CC925 /* wkWebViewUITests.xctest */ = {isa = PBXFileReference; explicitFileType = wrapper.cfbundle; includeInIndex = 0; path = wkWebViewUITests.xctest; sourceTree = BUILT_PRODUCTS_DIR; };
		621CF2251EB31A45004CC925 /* wkWebViewUITests.swift */ = {isa = PBXFileReference; lastKnownFileType = sourcecode.swift; path = wkWebViewUITests.swift; sourceTree = "<group>"; };
		621CF2271EB31A45004CC925 /* Info.plist */ = {isa = PBXFileReference; lastKnownFileType = text.plist.xml; path = Info.plist; sourceTree = "<group>"; };
/* End PBXFileReference section */

/* Begin PBXFrameworksBuildPhase section */
		621CF1FF1EB31A44004CC925 /* Frameworks */ = {
			isa = PBXFrameworksBuildPhase;
			buildActionMask = 2147483647;
			files = (
			);
			runOnlyForDeploymentPostprocessing = 0;
		};
		621CF2131EB31A45004CC925 /* Frameworks */ = {
			isa = PBXFrameworksBuildPhase;
			buildActionMask = 2147483647;
			files = (
			);
			runOnlyForDeploymentPostprocessing = 0;
		};
		621CF21E1EB31A45004CC925 /* Frameworks */ = {
			isa = PBXFrameworksBuildPhase;
			buildActionMask = 2147483647;
			files = (
			);
			runOnlyForDeploymentPostprocessing = 0;
		};
/* End PBXFrameworksBuildPhase section */

/* Begin PBXGroup section */
		621CF1F91EB31A44004CC925 = {
			isa = PBXGroup;
			children = (
				621CF2041EB31A44004CC925 /* wkWebView */,
				621CF2191EB31A45004CC925 /* wkWebViewTests */,
				621CF2241EB31A45004CC925 /* wkWebViewUITests */,
				621CF2031EB31A44004CC925 /* Products */,
			);
			sourceTree = "<group>";
		};
		621CF2031EB31A44004CC925 /* Products */ = {
			isa = PBXGroup;
			children = (
				621CF2021EB31A44004CC925 /* wkWebView.app */,
				621CF2161EB31A45004CC925 /* wkWebViewTests.xctest */,
				621CF2211EB31A45004CC925 /* wkWebViewUITests.xctest */,
			);
			name = Products;
			sourceTree = "<group>";
		};
		621CF2041EB31A44004CC925 /* wkWebView */ = {
			isa = PBXGroup;
			children = (
				621CF2051EB31A44004CC925 /* AppDelegate.swift */,
				621CF2071EB31A44004CC925 /* ViewController.swift */,
				621CF2091EB31A45004CC925 /* Main.storyboard */,
				621CF20C1EB31A45004CC925 /* Assets.xcassets */,
				621CF20E1EB31A45004CC925 /* LaunchScreen.storyboard */,
				621CF2111EB31A45004CC925 /* Info.plist */,
			);
			path = wkWebView;
			sourceTree = "<group>";
		};
		621CF2191EB31A45004CC925 /* wkWebViewTests */ = {
			isa = PBXGroup;
			children = (
				621CF21A1EB31A45004CC925 /* wkWebViewTests.swift */,
				621CF21C1EB31A45004CC925 /* Info.plist */,
			);
			path = wkWebViewTests;
			sourceTree = "<group>";
		};
		621CF2241EB31A45004CC925 /* wkWebViewUITests */ = {
			isa = PBXGroup;
			children = (
				621CF2251EB31A45004CC925 /* wkWebViewUITests.swift */,
				621CF2271EB31A45004CC925 /* Info.plist */,
			);
			path = wkWebViewUITests;
			sourceTree = "<group>";
		};
/* End PBXGroup section */

/* Begin PBXNativeTarget section */
		621CF2011EB31A44004CC925 /* wkWebView */ = {
			isa = PBXNativeTarget;
			buildConfigurationList = 621CF22A1EB31A45004CC925 /* Build configuration list for PBXNativeTarget "wkWebView" */;
			buildPhases = (
				621CF1FE1EB31A44004CC925 /* Sources */,
				621CF1FF1EB31A44004CC925 /* Frameworks */,
				621CF2001EB31A44004CC925 /* Resources */,
			);
			buildRules = (
			);
			dependencies = (
			);
			name = wkWebView;
			productName = wkWebView;
			productReference = 621CF2021EB31A44004CC925 /* wkWebView.app */;
			productType = "com.apple.product-type.application";
		};
		621CF2151EB31A45004CC925 /* wkWebViewTests */ = {
			isa = PBXNativeTarget;
			buildConfigurationList = 621CF22D1EB31A45004CC925 /* Build configuration list for PBXNativeTarget "wkWebViewTests" */;
			buildPhases = (
				621CF2121EB31A45004CC925 /* Sources */,
				621CF2131EB31A45004CC925 /* Frameworks */,
				621CF2141EB31A45004CC925 /* Resources */,
			);
			buildRules = (
			);
			dependencies = (
				621CF2181EB31A45004CC925 /* PBXTargetDependency */,
			);
			name = wkWebViewTests;
			productName = wkWebViewTests;
			productReference = 621CF2161EB31A45004CC925 /* wkWebViewTests.xctest */;
			productType = "com.apple.product-type.bundle.unit-test";
		};
		621CF2201EB31A45004CC925 /* wkWebViewUITests */ = {
			isa = PBXNativeTarget;
			buildConfigurationList = 621CF2301EB31A45004CC925 /* Build configuration list for PBXNativeTarget "wkWebViewUITests" */;
			buildPhases = (
				621CF21D1EB31A45004CC925 /* Sources */,
				621CF21E1EB31A45004CC925 /* Frameworks */,
				621CF21F1EB31A45004CC925 /* Resources */,
			);
			buildRules = (
			);
			dependencies = (
				621CF2231EB31A45004CC925 /* PBXTargetDependency */,
			);
			name = wkWebViewUITests;
			productName = wkWebViewUITests;
			productReference = 621CF2211EB31A45004CC925 /* wkWebViewUITests.xctest */;
			productType = "com.apple.product-type.bundle.ui-testing";
		};
/* End PBXNativeTarget section */

/* Begin PBXProject section */
		621CF1FA1EB31A44004CC925 /* Project object */ = {
			isa = PBXProject;
			attributes = {
				LastSwiftUpdateCheck = 0730;
				LastUpgradeCheck = 0730;
				ORGANIZATIONNAME = h.morimoto;
				TargetAttributes = {
					621CF2011EB31A44004CC925 = {
						CreatedOnToolsVersion = 7.3.1;
					};
					621CF2151EB31A45004CC925 = {
						CreatedOnToolsVersion = 7.3.1;
						TestTargetID = 621CF2011EB31A44004CC925;
					};
					621CF2201EB31A45004CC925 = {
						CreatedOnToolsVersion = 7.3.1;
						TestTargetID = 621CF2011EB31A44004CC925;
					};
				};
			};
			buildConfigurationList = 621CF1FD1EB31A44004CC925 /* Build configuration list for PBXProject "wkWebView" */;
			compatibilityVersion = "Xcode 3.2";
			developmentRegion = English;
			hasScannedForEncodings = 0;
			knownRegions = (
				en,
				Base,
			);
			mainGroup = 621CF1F91EB31A44004CC925;
			productRefGroup = 621CF2031EB31A44004CC925 /* Products */;
			projectDirPath = "";
			projectRoot = "";
			targets = (
				621CF2011EB31A44004CC925 /* wkWebView */,
				621CF2151EB31A45004CC925 /* wkWebViewTests */,
				621CF2201EB31A45004CC925 /* wkWebViewUITests */,
			);
		};
/* End PBXProject section */

/* Begin PBXResourcesBuildPhase section */
		621CF2001EB31A44004CC925 /* Resources */ = {
			isa = PBXResourcesBuildPhase;
			buildActionMask = 2147483647;
			files = (
				621CF2101EB31A45004CC925 /* LaunchScreen.storyboard in Resources */,
				621CF20D1EB31A45004CC925 /* Assets.xcassets in Resources */,
				621CF20B1EB31A45004CC925 /* Main.storyboard in Resources */,
			);
			runOnlyForDeploymentPostprocessing = 0;
		};
		621CF2141EB31A45004CC925 /* Resources */ = {
			isa = PBXResourcesBuildPhase;
			buildActionMask = 2147483647;
			files = (
			);
			runOnlyForDeploymentPostprocessing = 0;
		};
		621CF21F1EB31A45004CC925 /* Resources */ = {
			isa = PBXResourcesBuildPhase;
			buildActionMask = 2147483647;
			files = (
			);
			runOnlyForDeploymentPostprocessing = 0;
		};
/* End PBXResourcesBuildPhase section */

/* Begin PBXSourcesBuildPhase section */
		621CF1FE1EB31A44004CC925 /* Sources */ = {
			isa = PBXSourcesBuildPhase;
			buildActionMask = 2147483647;
			files = (
				621CF2081EB31A45004CC925 /* ViewController.swift in Sources */,
				621CF2061EB31A44004CC925 /* AppDelegate.swift in Sources */,
			);
			runOnlyForDeploymentPostprocessing = 0;
		};
		621CF2121EB31A45004CC925 /* Sources */ = {
			isa = PBXSourcesBuildPhase;
			buildActionMask = 2147483647;
			files = (
				621CF21B1EB31A45004CC925 /* wkWebViewTests.swift in Sources */,
			);
			runOnlyForDeploymentPostprocessing = 0;
		};
		621CF21D1EB31A45004CC925 /* Sources */ = {
			isa = PBXSourcesBuildPhase;
			buildActionMask = 2147483647;
			files = (
				621CF2261EB31A45004CC925 /* wkWebViewUITests.swift in Sources */,
			);
			runOnlyForDeploymentPostprocessing = 0;
		};
/* End PBXSourcesBuildPhase section */

/* Begin PBXTargetDependency section */
		621CF2181EB31A45004CC925 /* PBXTargetDependency */ = {
			isa = PBXTargetDependency;
			target = 621CF2011EB31A44004CC925 /* wkWebView */;
			targetProxy = 621CF2171EB31A45004CC925 /* PBXContainerItemProxy */;
		};
		621CF2231EB31A45004CC925 /* PBXTargetDependency */ = {
			isa = PBXTargetDependency;
			target = 621CF2011EB31A44004CC925 /* wkWebView */;
			targetProxy = 621CF2221EB31A45004CC925 /* PBXContainerItemProxy */;
		};
/* End PBXTargetDependency section */

/* Begin PBXVariantGroup section */
		621CF2091EB31A45004CC925 /* Main.storyboard */ = {
			isa = PBXVariantGroup;
			children = (
				621CF20A1EB31A45004CC925 /* Base */,
			);
			name = Main.storyboard;
			sourceTree = "<group>";
		};
		621CF20E1EB31A45004CC925 /* LaunchScreen.storyboard */ = {
			isa = PBXVariantGroup;
			children = (
				621CF20F1EB31A45004CC925 /* Base */,
			);
			name = LaunchScreen.storyboard;
			sourceTree = "<group>";
		};
/* End PBXVariantGroup section */

/* Begin XCBuildConfiguration section */
		621CF2281EB31A45004CC925 /* Debug */ = {
			isa = XCBuildConfiguration;
			buildSettings = {
				ALWAYS_SEARCH_USER_PATHS = NO;
				CLANG_ANALYZER_NONNULL = YES;
				CLANG_CXX_LANGUAGE_STANDARD = "gnu++0x";
				CLANG_CXX_LIBRARY = "libc++";
				CLANG_ENABLE_MODULES = YES;
				CLANG_ENABLE_OBJC_ARC = YES;
				CLANG_WARN_BOOL_CONVERSION = YES;
				CLANG_WARN_CONSTANT_CONVERSION = YES;
				CLANG_WARN_DIRECT_OBJC_ISA_USAGE = YES_ERROR;
				CLANG_WARN_EMPTY_BODY = YES;
				CLANG_WARN_ENUM_CONVERSION = YES;
				CLANG_WARN_INT_CONVERSION = YES;
				CLANG_WARN_OBJC_ROOT_CLASS = YES_ERROR;
				CLANG_WARN_UNREACHABLE_CODE = YES;
				CLANG_WARN__DUPLICATE_METHOD_MATCH = YES;
				"CODE_SIGN_IDENTITY[sdk=iphoneos*]" = "iPhone Developer";
				COPY_PHASE_STRIP = NO;
				DEBUG_INFORMATION_FORMAT = dwarf;
				ENABLE_STRICT_OBJC_MSGSEND = YES;
				ENABLE_TESTABILITY = YES;
				GCC_C_LANGUAGE_STANDARD = gnu99;
				GCC_DYNAMIC_NO_PIC = NO;
				GCC_NO_COMMON_BLOCKS = YES;
				GCC_OPTIMIZATION_LEVEL = 0;
				GCC_PREPROCESSOR_DEFINITIONS = (
					"DEBUG=1",
					"$(inherited)",
				);
				GCC_WARN_64_TO_32_BIT_CONVERSION = YES;
				GCC_WARN_ABOUT_RETURN_TYPE = YES_ERROR;
				GCC_WARN_UNDECLARED_SELECTOR = YES;
				GCC_WARN_UNINITIALIZED_AUTOS = YES_AGGRESSIVE;
				GCC_WARN_UNUSED_FUNCTION = YES;
				GCC_WARN_UNUSED_VARIABLE = YES;
				IPHONEOS_DEPLOYMENT_TARGET = 9.3;
				MTL_ENABLE_DEBUG_INFO = YES;
				ONLY_ACTIVE_ARCH = YES;
				SDKROOT = iphoneos;
				SWIFT_OPTIMIZATION_LEVEL = "-Onone";
			};
			name = Debug;
		};
		621CF2291EB31A45004CC925 /* Release */ = {
			isa = XCBuildConfiguration;
			buildSettings = {
				ALWAYS_SEARCH_USER_PATHS = NO;
				CLANG_ANALYZER_NONNULL = YES;
				CLANG_CXX_LANGUAGE_STANDARD = "gnu++0x";
				CLANG_CXX_LIBRARY = "libc++";
				CLANG_ENABLE_MODULES = YES;
				CLANG_ENABLE_OBJC_ARC = YES;
				CLANG_WARN_BOOL_CONVERSION = YES;
				CLANG_WARN_CONSTANT_CONVERSION = YES;
				CLANG_WARN_DIRECT_OBJC_ISA_USAGE = YES_ERROR;
				CLANG_WARN_EMPTY_BODY = YES;
				CLANG_WARN_ENUM_CONVERSION = YES;
				CLANG_WARN_INT_CONVERSION = YES;
				CLANG_WARN_OBJC_ROOT_CLASS = YES_ERROR;
				CLANG_WARN_UNREACHABLE_CODE = YES;
				CLANG_WARN__DUPLICATE_METHOD_MATCH = YES;
				"CODE_SIGN_IDENTITY[sdk=iphoneos*]" = "iPhone Developer";
				COPY_PHASE_STRIP = NO;
				DEBUG_INFORMATION_FORMAT = "dwarf-with-dsym";
				ENABLE_NS_ASSERTIONS = NO;
				ENABLE_STRICT_OBJC_MSGSEND = YES;
				GCC_C_LANGUAGE_STANDARD = gnu99;
				GCC_NO_COMMON_BLOCKS = YES;
				GCC_WARN_64_TO_32_BIT_CONVERSION = YES;
				GCC_WARN_ABOUT_RETURN_TYPE = YES_ERROR;
				GCC_WARN_UNDECLARED_SELECTOR = YES;
				GCC_WARN_UNINITIALIZED_AUTOS = YES_AGGRESSIVE;
				GCC_WARN_UNUSED_FUNCTION = YES;
				GCC_WARN_UNUSED_VARIABLE = YES;
				IPHONEOS_DEPLOYMENT_TARGET = 9.3;
				MTL_ENABLE_DEBUG_INFO = NO;
				SDKROOT = iphoneos;
				VALIDATE_PRODUCT = YES;
			};
			name = Release;
		};
		621CF22B1EB31A45004CC925 /* Debug */ = {
			isa = XCBuildConfiguration;
			buildSettings = {
				ASSETCATALOG_COMPILER_APPICON_NAME = AppIcon;
				INFOPLIST_FILE = wkWebView/Info.plist;
				LD_RUNPATH_SEARCH_PATHS = "$(inherited) @executable_path/Frameworks";
				PRODUCT_BUNDLE_IDENTIFIER = io.lodeo.wkWebView;
				PRODUCT_NAME = "$(TARGET_NAME)";
			};
			name = Debug;
		};
		621CF22C1EB31A45004CC925 /* Release */ = {
			isa = XCBuildConfiguration;
			buildSettings = {
				ASSETCATALOG_COMPILER_APPICON_NAME = AppIcon;
				INFOPLIST_FILE = wkWebView/Info.plist;
				LD_RUNPATH_SEARCH_PATHS = "$(inherited) @executable_path/Frameworks";
				PRODUCT_BUNDLE_IDENTIFIER = io.lodeo.wkWebView;
				PRODUCT_NAME = "$(TARGET_NAME)";
			};
			name = Release;
		};
		621CF22E1EB31A45004CC925 /* Debug */ = {
			isa = XCBuildConfiguration;
			buildSettings = {
				BUNDLE_LOADER = "$(TEST_HOST)";
				INFOPLIST_FILE = wkWebViewTests/Info.plist;
				LD_RUNPATH_SEARCH_PATHS = "$(inherited) @executable_path/Frameworks @loader_path/Frameworks";
				PRODUCT_BUNDLE_IDENTIFIER = io.lodeo.wkWebViewTests;
				PRODUCT_NAME = "$(TARGET_NAME)";
				TEST_HOST = "$(BUILT_PRODUCTS_DIR)/wkWebView.app/wkWebView";
			};
			name = Debug;
		};
		621CF22F1EB31A45004CC925 /* Release */ = {
			isa = XCBuildConfiguration;
			buildSettings = {
				BUNDLE_LOADER = "$(TEST_HOST)";
				INFOPLIST_FILE = wkWebViewTests/Info.plist;
				LD_RUNPATH_SEARCH_PATHS = "$(inherited) @executable_path/Frameworks @loader_path/Frameworks";
				PRODUCT_BUNDLE_IDENTIFIER = io.lodeo.wkWebViewTests;
				PRODUCT_NAME = "$(TARGET_NAME)";
				TEST_HOST = "$(BUILT_PRODUCTS_DIR)/wkWebView.app/wkWebView";
			};
			name = Release;
		};
		621CF2311EB31A45004CC925 /* Debug */ = {
			isa = XCBuildConfiguration;
			buildSettings = {
				INFOPLIST_FILE = wkWebViewUITests/Info.plist;
				LD_RUNPATH_SEARCH_PATHS = "$(inherited) @executable_path/Frameworks @loader_path/Frameworks";
				PRODUCT_BUNDLE_IDENTIFIER = io.lodeo.wkWebViewUITests;
				PRODUCT_NAME = "$(TARGET_NAME)";
				TEST_TARGET_NAME = wkWebView;
			};
			name = Debug;
		};
		621CF2321EB31A45004CC925 /* Release */ = {
			isa = XCBuildConfiguration;
			buildSettings = {
				INFOPLIST_FILE = wkWebViewUITests/Info.plist;
				LD_RUNPATH_SEARCH_PATHS = "$(inherited) @executable_path/Frameworks @loader_path/Frameworks";
				PRODUCT_BUNDLE_IDENTIFIER = io.lodeo.wkWebViewUITests;
				PRODUCT_NAME = "$(TARGET_NAME)";
				TEST_TARGET_NAME = wkWebView;
			};
			name = Release;
		};
/* End XCBuildConfiguration section */

/* Begin XCConfigurationList section */
		621CF1FD1EB31A44004CC925 /* Build configuration list for PBXProject "wkWebView" */ = {
			isa = XCConfigurationList;
			buildConfigurations = (
				621CF2281EB31A45004CC925 /* Debug */,
				621CF2291EB31A45004CC925 /* Release */,
			);
			defaultConfigurationIsVisible = 0;
			defaultConfigurationName = Release;
		};
		621CF22A1EB31A45004CC925 /* Build configuration list for PBXNativeTarget "wkWebView" */ = {
			isa = XCConfigurationList;
			buildConfigurations = (
				621CF22B1EB31A45004CC925 /* Debug */,
				621CF22C1EB31A45004CC925 /* Release */,
			);
			defaultConfigurationIsVisible = 0;
		};
		621CF22D1EB31A45004CC925 /* Build configuration list for PBXNativeTarget "wkWebViewTests" */ = {
			isa = XCConfigurationList;
			buildConfigurations = (
				621CF22E1EB31A45004CC925 /* Debug */,
				621CF22F1EB31A45004CC925 /* Release */,
			);
			defaultConfigurationIsVisible = 0;
		};
		621CF2301EB31A45004CC925 /* Build configuration list for PBXNativeTarget "wkWebViewUITests" */ = {
			isa = XCConfigurationList;
			buildConfigurations = (
				621CF2311EB31A45004CC925 /* Debug */,
				621CF2321EB31A45004CC925 /* Release */,
			);
			defaultConfigurationIsVisible = 0;
		};
/* End XCConfigurationList section */
	};
	rootObject = 621CF1FA1EB31A44004CC925 /* Project object */;
}
